
Microsoft Visual Studio Solution File, Format Version 12.00
# Visual Studio Version 17
VisualStudioVersion = 17.0.31903.59
MinimumVisualStudioVersion = 10.0.40219.1
Project("{2150E333-8FDC-42A3-9474-1A3956D46DE8}") = "src", "src", "{CEAEE7A9-12F8-49B2-9D96-007EE84C85A6}"
EndProject
Project("{FAE04EC0-301F-11D3-BF4B-00C04F79EFBC}") = "ScadaDemo.Api", "src\ScadaDemo.Api\ScadaDemo.Api.csproj", "{7CB6BF7A-8215-4FBE-9523-061CAB84BFC1}"
EndProject
Project("{2150E333-8FDC-42A3-9474-1A3956D46DE8}") = "tests", "tests", "{FA704DF9-F9E3-4B3B-AB75-BD96144ECE7F}"
EndProject
Project("{FAE04EC0-301F-11D3-BF4B-00C04F79EFBC}") = "ScadaDemo.Api.Tests", "tests\ScadaDemo.Api.Tests\ScadaDemo.Api.Tests.csproj", "{4EB91B03-C0A2-46FB-9C7E-588B4A06D99E}"
EndProject
Global
	GlobalSection(SolutionConfigurationPlatforms) = preSolution
		Debug|Any CPU = Debug|Any CPU
		Release|Any CPU = Release|Any CPU
	EndGlobalSection
	GlobalSection(SolutionProperties) = preSolution
		HideSolutionNode = FALSE
	EndGlobalSection
	GlobalSection(ProjectConfigurationPlatforms) = postSolution
		{7CB6BF7A-8215-4FBE-9523-061CAB84BFC1}.Debug|Any CPU.ActiveCfg = Debug|Any CPU
		{7CB6BF7A-8215-4FBE-9523-061CAB84BFC1}.Debug|Any CPU.Build.0 = Debug|Any CPU
		{7CB6BF7A-8215-4FBE-9523-061CAB84BFC1}.Release|Any CPU.ActiveCfg = Release|Any CPU
		{7CB6BF7A-8215-4FBE-9523-061CAB84BFC1}.Release|Any CPU.Build.0 = Release|Any CPU
		{4EB91B03-C0A2-46FB-9C7E-588B4A06D99E}.Debug|Any CPU.ActiveCfg = Debug|Any CPU
		{4EB91B03-C0A2-46FB-9C7E-588B4A06D99E}.Debug|Any CPU.Build.0 = Debug|Any CPU
		{4EB91B03-C0A2-46FB-9C7E-588B4A06D99E}.Release|Any CPU.ActiveCfg = Release|Any CPU
		{4EB91B03-C0A2-46FB-9C7E-588B4A06D99E}.Release|Any CPU.Build.0 = Release|Any CPU
	EndGlobalSection
	GlobalSection(NestedProjects) = preSolution
		{7CB6BF7A-8215-4FBE-9523-061CAB84BFC1} = {CEAEE7A9-12F8-49B2-9D96-007EE84C85A6}
		{4EB91B03-C0A2-46FB-9C7E-588B4A06D99E} = {FA704DF9-F9E3-4B3B-AB75-BD96144ECE7F}
	EndGlobalSection
EndGlobal
